<?xml version="1.0" encoding="utf-8"?>
<Project ToolsVersion="4.0" xmlns="http://schemas.microsoft.com/developer/msbuild/2003">
  <ItemGroup>
    <Filter Include="资源文件">
      <UniqueIdentifier>{67DA6AB6-F800-4c08-8B7A-83BB121AAD01}</UniqueIdentifier>
      <Extensions>rc;ico;cur;bmp;dlg;rc2;rct;bin;rgs;gif;jpg;jpeg;jpe;resx;tiff;tif;png;wav;mfcribbon-ms</Extensions>
    </Filter>
    <Filter Include="Utilities">
      <UniqueIdentifier>{7f0b37d4-582c-4e2b-a90a-212ca2ea18d6}</UniqueIdentifier>
    </Filter>
    <Filter Include="Windows">
      <UniqueIdentifier>{1fa98967-8fcc-409d-8aab-9e0f499182b5}</UniqueIdentifier>
    </Filter>
  </ItemGroup>
  <ItemGroup>
    <ClInclude Include="Utilities\Vector2.h">
      <Filter>Utilities</Filter>
    </ClInclude>
    <ClInclude Include="Utilities\Size2.h">
      <Filter>Utilities</Filter>
    </ClInclude>
    <ClInclude Include="Utilities\Rect2.h">
      <Filter>Utilities</Filter>
    </ClInclude>
    <ClInclude Include="Utilities\Point2.h">
      <Filter>Utilities</Filter>
    </ClInclude>
    <ClInclude Include="Utilities\Math.h">
      <Filter>Utilities</Filter>
    </ClInclude>
    <ClInclude Include="Precompiled.h" />
    <ClInclude Include="Utilities\Assert.h">
      <Filter>Utilities</Filter>
    </ClInclude>
    <ClInclude Include="Windows\GameWindow.h">
      <Filter>Windows</Filter>
    </ClInclude>
    <ClInclude Include="Utilities\Exceptions.h">
      <Filter>Utilities</Filter>
    </ClInclude>
    <ClInclude Include="Rendering\RenderSystem.h" />
    <ClInclude Include="Asset\ResourceManager.h" />
    <ClInclude Include="Asset\TextureManager.h" />
    <ClInclude Include="Terrain\Terrain.h" />
    <ClInclude Include="Utilities\AABB.h" />
    <ClInclude Include="Rendering\Texture.h" />
    <ClInclude Include="Terrain\TerrainMaterial.h" />
    <ClInclude Include="Rendering\Material.h" />
    <ClInclude Include="Asset\EffectManager.h" />
    <ClInclude Include="Asset\MaterialManager.h" />
    <ClInclude Include="Utilities\Logging.h" />
    <ClInclude Include="Rendering\Camera.h" />
    <ClInclude Include="Utilities\DebugOutput.h" />
    <ClInclude Include="Utilities\Ray.h" />
  </ItemGroup>
  <ItemGroup>
    <ClCompile Include="Precompiled.cpp" />
    <ClCompile Include="Windows\GameWindow.cpp">
      <Filter>Windows</Filter>
    </ClCompile>
    <ClCompile Include="Windows\Main.cpp">
      <Filter>Windows</Filter>
    </ClCompile>
    <ClCompile Include="Rendering\RenderSystem.cpp" />
    <ClCompile Include="Asset\ResourceManager.cpp" />
    <ClCompile Include="Asset\TextureManager.cpp" />
    <ClCompile Include="Terrain\Terrain.cpp" />
    <ClCompile Include="Asset\EffectManager.cpp" />
    <ClCompile Include="Asset\MaterialManager.cpp" />
    <ClCompile Include="Utilities\Logging.cpp" />
    <ClCompile Include="Rendering\Camera.cpp" />
    <ClCompile Include="Terrain\TerrainMaterial.cpp" />
    <ClCompile Include="Utilities\Ray.cpp" />
  </ItemGroup>
  <ItemGroup>
    <None Include="Resources\Effects\Terrain.hlsl" />
  </ItemGroup>
</Project>